
Microsoft Visual Studio Solution File, Format Version 12.00
# Visual Studio Version 17
VisualStudioVersion = 17.3.32922.545
MinimumVisualStudioVersion = 10.0.40219.1
Project("{FAE04EC0-301F-11D3-BF4B-00C04F79EFBC}") = "KDM_Lab02", "KDM_Lab02\KDM_Lab02.csproj", "{0E12A224-90A3-428A-8563-12F0479CB645}"
EndProject
Global
	GlobalSection(SolutionConfigurationPlatforms) = preSolution
		Debug|Any CPU = Debug|Any CPU
		Release|Any CPU = Release|Any CPU
	EndGlobalSection
	GlobalSection(ProjectConfigurationPlatforms) = postSolution
		{0E12A224-90A3-428A-8563-12F0479CB645}.Debug|Any CPU.ActiveCfg = Debug|Any CPU
		{0E12A224-90A3-428A-8563-12F0479CB645}.Debug|Any CPU.Build.0 = Debug|Any CPU
		{0E12A224-90A3-428A-8563-12F0479CB645}.Release|Any CPU.ActiveCfg = Release|Any CPU
		{0E12A224-90A3-428A-8563-12F0479CB645}.Release|Any CPU.Build.0 = Release|Any CPU
	EndGlobalSection
	GlobalSection(SolutionProperties) = preSolution
		HideSolutionNode = FALSE
	EndGlobalSection
	GlobalSection(ExtensibilityGlobals) = postSolution
		SolutionGuid = {839DC87B-AAF5-4B0D-9597-A9C56FC1D00C}
	EndGlobalSection
EndGlobal
